dependencies:
- name: postgresql
  repository: https://charts.bitnami.com/bitnami
  version: 18.0.8
- name: dagger-helm
  repository: oci://registry.dagger.io
  version: 0.20.8
digest: sha256:eed8840341709a7e97eb056340463ca3cc2dd919542432c71d17343e00404dc6
generated: "2026-05-25T16:04:52.285989+02:00"
